// !$*UTF8*$!
{
	archiveVersion = 1;
	classes = {
	};
	objectVersion = 46;
	objects = {

/* Begin PBXBuildFile section */
		17A90610380580862D4AEC1E /* libPods.a in Frameworks */ = {isa = PBXBuildFile; fileRef = 112683AA1EC64F2352F72288 /* libPods.a */; };
		B62B3AB91C57051D00AE7E4D /* Main.storyboard in Resources */ = {isa = PBXBuildFile; fileRef = B62B3AB81C57051D00AE7E4D /* Main.storyboard */; };
		B659E5801C58AE6B00817054 /* UIColor+Util.m in Sources */ = {isa = PBXBuildFile; fileRef = B659E57F1C58AE6B00817054 /* UIColor+Util.m */; };
		B659E5831C58B4FA00817054 /* escrowAcct@2x.png in Resources */ = {isa = PBXBuildFile; fileRef = B659E5821C58B4FA00817054 /* escrowAcct@2x.png */; };
		B659E5851C58B71E00817054 /* gesturePswd1@2x.png in Resources */ = {isa = PBXBuildFile; fileRef = B659E5841C58B71E00817054 /* gesturePswd1@2x.png */; };
		B659E5901C58BFDF00817054 /* SearchCell.m in Sources */ = {isa = PBXBuildFile; fileRef = B659E5891C58BFDF00817054 /* SearchCell.m */; };
		B659E5911C58BFDF00817054 /* SearchCell.xib in Resources */ = {isa = PBXBuildFile; fileRef = B659E58A1C58BFDF00817054 /* SearchCell.xib */; };
		B659E5921C58BFDF00817054 /* SearchTBViewController.m in Sources */ = {isa = PBXBuildFile; fileRef = B659E58C1C58BFDF00817054 /* SearchTBViewController.m */; };
		B659E5931C58BFDF00817054 /* SearchTableView.m in Sources */ = {isa = PBXBuildFile; fileRef = B659E58F1C58BFDF00817054 /* SearchTableView.m */; };
		B659E5961C58C6B900817054 /* SearchView.m in Sources */ = {isa = PBXBuildFile; fileRef = B659E5951C58C6B900817054 /* SearchView.m */; };
		B689D5B71C51BCF7009FF6B5 /* main.m in Sources */ = {isa = PBXBuildFile; fileRef = B689D5B61C51BCF7009FF6B5 /* main.m */; };
		B689D5BA1C51BCF7009FF6B5 /* AppDelegate.m in Sources */ = {isa = PBXBuildFile; fileRef = B689D5B91C51BCF7009FF6B5 /* AppDelegate.m */; };
		B689D5C21C51BCF7009FF6B5 /* Assets.xcassets in Resources */ = {isa = PBXBuildFile; fileRef = B689D5C11C51BCF7009FF6B5 /* Assets.xcassets */; };
		B689D5C51C51BCF7009FF6B5 /* LaunchScreen.storyboard in Resources */ = {isa = PBXBuildFile; fileRef = B689D5C31C51BCF7009FF6B5 /* LaunchScreen.storyboard */; };
		B689D5D01C51BCF7009FF6B5 /* SearchTableviewTests.m in Sources */ = {isa = PBXBuildFile; fileRef = B689D5CF1C51BCF7009FF6B5 /* SearchTableviewTests.m */; };
		B689D5DB1C51BCF7009FF6B5 /* SearchTableviewUITests.m in Sources */ = {isa = PBXBuildFile; fileRef = B689D5DA1C51BCF7009FF6B5 /* SearchTableviewUITests.m */; };
		B6B9B5451C9A4877008E163B /* CoreLocation.framework in Frameworks */ = {isa = PBXBuildFile; fileRef = B6B9B5441C9A4877008E163B /* CoreLocation.framework */; };
		B6B9B5471C9A4890008E163B /* MapKit.framework in Frameworks */ = {isa = PBXBuildFile; fileRef = B6B9B5461C9A4890008E163B /* MapKit.framework */; };
		B6B9B54A1C9A580C008E163B /* MyPoint.m in Sources */ = {isa = PBXBuildFile; fileRef = B6B9B5491C9A580C008E163B /* MyPoint.m */; };
		B6F1AAFF1C96443D003E2E36 /* CycleView.m in Sources */ = {isa = PBXBuildFile; fileRef = B6F1AAFE1C96443D003E2E36 /* CycleView.m */; };
		B6F1AB021C96468B003E2E36 /* CycleViewController.m in Sources */ = {isa = PBXBuildFile; fileRef = B6F1AB011C96468B003E2E36 /* CycleViewController.m */; };
/* End PBXBuildFile section */

/* Begin PBXContainerItemProxy section */
		B689D5CC1C51BCF7009FF6B5 /* PBXContainerItemProxy */ = {
			isa = PBXContainerItemProxy;
			containerPortal = B689D5AA1C51BCF7009FF6B5 /* Project object */;
			proxyType = 1;
			remoteGlobalIDString = B689D5B11C51BCF7009FF6B5;
			remoteInfo = SearchTableview;
		};
		B689D5D71C51BCF7009FF6B5 /* PBXContainerItemProxy */ = {
			isa = PBXContainerItemProxy;
			containerPortal = B689D5AA1C51BCF7009FF6B5 /* Project object */;
			proxyType = 1;
			remoteGlobalIDString = B689D5B11C51BCF7009FF6B5;
			remoteInfo = SearchTableview;
		};
/* End PBXContainerItemProxy section */

/* Begin PBXFileReference section */
		112683AA1EC64F2352F72288 /* libPods.a */ = {isa = PBXFileReference; explicitFileType = archive.ar; includeInIndex = 0; path = libPods.a; sourceTree = BUILT_PRODUCTS_DIR; };
		1F2D588BF87EE24FD8A94576 /* Pods.debug.xcconfig */ = {isa = PBXFileReference; includeInIndex = 1; lastKnownFileType = text.xcconfig; name = Pods.debug.xcconfig; path = "Pods/Target Support Files/Pods/Pods.debug.xcconfig"; sourceTree = "<group>"; };
		B4559FA7820A4AB98C930438 /* Pods.release.xcconfig */ = {isa = PBXFileReference; includeInIndex = 1; lastKnownFileType = text.xcconfig; name = Pods.release.xcconfig; path = "Pods/Target Support Files/Pods/Pods.release.xcconfig"; sourceTree = "<group>"; };
		B62B3AB81C57051D00AE7E4D /* Main.storyboard */ = {isa = PBXFileReference; fileEncoding = 4; lastKnownFileType = file.storyboard; path = Main.storyboard; sourceTree = "<group>"; };
		B659E57E1C58AE6B00817054 /* UIColor+Util.h */ = {isa = PBXFileReference; fileEncoding = 4; lastKnownFileType = sourcecode.c.h; path = "UIColor+Util.h"; sourceTree = "<group>"; };
		B659E57F1C58AE6B00817054 /* UIColor+Util.m */ = {isa = PBXFileReference; fileEncoding = 4; lastKnownFileType = sourcecode.c.objc; path = "UIColor+Util.m"; sourceTree = "<group>"; };
		B659E5821C58B4FA00817054 /* escrowAcct@2x.png */ = {isa = PBXFileReference; lastKnownFileType = image.png; path = "escrowAcct@2x.png"; sourceTree = "<group>"; };
		B659E5841C58B71E00817054 /* gesturePswd1@2x.png */ = {isa = PBXFileReference; lastKnownFileType = image.png; path = "gesturePswd1@2x.png"; sourceTree = "<group>"; };
		B659E5881C58BFDF00817054 /* SearchCell.h */ = {isa = PBXFileReference; fileEncoding = 4; lastKnownFileType = sourcecode.c.h; path = SearchCell.h; sourceTree = "<group>"; };
		B659E5891C58BFDF00817054 /* SearchCell.m */ = {isa = PBXFileReference; fileEncoding = 4; lastKnownFileType = sourcecode.c.objc; path = SearchCell.m; sourceTree = "<group>"; };
		B659E58A1C58BFDF00817054 /* SearchCell.xib */ = {isa = PBXFileReference; fileEncoding = 4; lastKnownFileType = file.xib; path = SearchCell.xib; sourceTree = "<group>"; };
		B659E58B1C58BFDF00817054 /* SearchTBViewController.h */ = {isa = PBXFileReference; fileEncoding = 4; lastKnownFileType = sourcecode.c.h; path = SearchTBViewController.h; sourceTree = "<group>"; };
		B659E58C1C58BFDF00817054 /* SearchTBViewController.m */ = {isa = PBXFileReference; fileEncoding = 4; lastKnownFileType = sourcecode.c.objc; path = SearchTBViewController.m; sourceTree = "<group>"; };
		B659E58E1C58BFDF00817054 /* SearchTableView.h */ = {isa = PBXFileReference; fileEncoding = 4; lastKnownFileType = sourcecode.c.h; path = SearchTableView.h; sourceTree = "<group>"; };
		B659E58F1C58BFDF00817054 /* SearchTableView.m */ = {isa = PBXFileReference; fileEncoding = 4; lastKnownFileType = sourcecode.c.objc; path = SearchTableView.m; sourceTree = "<group>"; };
		B659E5941C58C6B900817054 /* SearchView.h */ = {isa = PBXFileReference; fileEncoding = 4; lastKnownFileType = sourcecode.c.h; path = SearchView.h; sourceTree = "<group>"; };
		B659E5951C58C6B900817054 /* SearchView.m */ = {isa = PBXFileReference; fileEncoding = 4; lastKnownFileType = sourcecode.c.objc; path = SearchView.m; sourceTree = "<group>"; };
		B689D5B21C51BCF7009FF6B5 /* SearchTableview.app */ = {isa = PBXFileReference; explicitFileType = wrapper.application; includeInIndex = 0; path = SearchTableview.app; sourceTree = BUILT_PRODUCTS_DIR; };
		B689D5B61C51BCF7009FF6B5 /* main.m */ = {isa = PBXFileReference; lastKnownFileType = sourcecode.c.objc; path = main.m; sourceTree = "<group>"; };
		B689D5B81C51BCF7009FF6B5 /* AppDelegate.h */ = {isa = PBXFileReference; lastKnownFileType = sourcecode.c.h; path = AppDelegate.h; sourceTree = "<group>"; };
		B689D5B91C51BCF7009FF6B5 /* AppDelegate.m */ = {isa = PBXFileReference; lastKnownFileType = sourcecode.c.objc; path = AppDelegate.m; sourceTree = "<group>"; };
		B689D5C11C51BCF7009FF6B5 /* Assets.xcassets */ = {isa = PBXFileReference; lastKnownFileType = folder.assetcatalog; path = Assets.xcassets; sourceTree = "<group>"; };
		B689D5C41C51BCF7009FF6B5 /* Base */ = {isa = PBXFileReference; lastKnownFileType = file.storyboard; name = Base; path = Base.lproj/LaunchScreen.storyboard; sourceTree = "<group>"; };
		B689D5C61C51BCF7009FF6B5 /* Info.plist */ = {isa = PBXFileReference; lastKnownFileType = text.plist.xml; path = Info.plist; sourceTree = "<group>"; };
		B689D5CB1C51BCF7009FF6B5 /* SearchTableviewTests.xctest */ = {isa = PBXFileReference; explicitFileType = wrapper.cfbundle; includeInIndex = 0; path = SearchTableviewTests.xctest; sourceTree = BUILT_PRODUCTS_DIR; };
		B689D5CF1C51BCF7009FF6B5 /* SearchTableviewTests.m */ = {isa = PBXFileReference; lastKnownFileType = sourcecode.c.objc; path = SearchTableviewTests.m; sourceTree = "<group>"; };
		B689D5D11C51BCF7009FF6B5 /* Info.plist */ = {isa = PBXFileReference; lastKnownFileType = text.plist.xml; path = Info.plist; sourceTree = "<group>"; };
		B689D5D61C51BCF7009FF6B5 /* SearchTableviewUITests.xctest */ = {isa = PBXFileReference; explicitFileType = wrapper.cfbundle; includeInIndex = 0; path = SearchTableviewUITests.xctest; sourceTree = BUILT_PRODUCTS_DIR; };
		B689D5DA1C51BCF7009FF6B5 /* SearchTableviewUITests.m */ = {isa = PBXFileReference; lastKnownFileType = sourcecode.c.objc; path = SearchTableviewUITests.m; sourceTree = "<group>"; };
		B689D5DC1C51BCF7009FF6B5 /* Info.plist */ = {isa = PBXFileReference; lastKnownFileType = text.plist.xml; path = Info.plist; sourceTree = "<group>"; };
		B6B9B5441C9A4877008E163B /* CoreLocation.framework */ = {isa = PBXFileReference; lastKnownFileType = wrapper.framework; name = CoreLocation.framework; path = System/Library/Frameworks/CoreLocation.framework; sourceTree = SDKROOT; };
		B6B9B5461C9A4890008E163B /* MapKit.framework */ = {isa = PBXFileReference; lastKnownFileType = wrapper.framework; name = MapKit.framework; path = System/Library/Frameworks/MapKit.framework; sourceTree = SDKROOT; };
		B6B9B5481C9A580C008E163B /* MyPoint.h */ = {isa = PBXFileReference; fileEncoding = 4; lastKnownFileType = sourcecode.c.h; path = MyPoint.h; sourceTree = "<group>"; };
		B6B9B5491C9A580C008E163B /* MyPoint.m */ = {isa = PBXFileReference; fileEncoding = 4; lastKnownFileType = sourcecode.c.objc; path = MyPoint.m; sourceTree = "<group>"; };
		B6F1AAFD1C96443D003E2E36 /* CycleView.h */ = {isa = PBXFileReference; fileEncoding = 4; lastKnownFileType = sourcecode.c.h; path = CycleView.h; sourceTree = "<group>"; };
		B6F1AAFE1C96443D003E2E36 /* CycleView.m */ = {isa = PBXFileReference; fileEncoding = 4; lastKnownFileType = sourcecode.c.objc; path = CycleView.m; sourceTree = "<group>"; };
		B6F1AB001C96468B003E2E36 /* CycleViewController.h */ = {isa = PBXFileReference; fileEncoding = 4; lastKnownFileType = sourcecode.c.h; path = CycleViewController.h; sourceTree = "<group>"; };
		B6F1AB011C96468B003E2E36 /* CycleViewController.m */ = {isa = PBXFileReference; fileEncoding = 4; lastKnownFileType = sourcecode.c.objc; path = CycleViewController.m; sourceTree = "<group>"; };
/* End PBXFileReference section */

/* Begin PBXFrameworksBuildPhase section */
		B689D5AF1C51BCF7009FF6B5 /* Frameworks */ = {
			isa = PBXFrameworksBuildPhase;
			buildActionMask = 2147483647;
			files = (
				B6B9B5471C9A4890008E163B /* MapKit.framework in Frameworks */,
				B6B9B5451C9A4877008E163B /* CoreLocation.framework in Frameworks */,
				17A90610380580862D4AEC1E /* libPods.a in Frameworks */,
			);
			runOnlyForDeploymentPostprocessing = 0;
		};
		B689D5C81C51BCF7009FF6B5 /* Frameworks */ = {
			isa = PBXFrameworksBuildPhase;
			buildActionMask = 2147483647;
			files = (
			);
			runOnlyForDeploymentPostprocessing = 0;
		};
		B689D5D31C51BCF7009FF6B5 /* Frameworks */ = {
			isa = PBXFrameworksBuildPhase;
			buildActionMask = 2147483647;
			files = (
			);
			runOnlyForDeploymentPostprocessing = 0;
		};
/* End PBXFrameworksBuildPhase section */

/* Begin PBXGroup section */
		279F106C89C448DA5125D8B2 /* Frameworks */ = {
			isa = PBXGroup;
			children = (
				B6B9B5461C9A4890008E163B /* MapKit.framework */,
				B6B9B5441C9A4877008E163B /* CoreLocation.framework */,
				112683AA1EC64F2352F72288 /* libPods.a */,
			);
			name = Frameworks;
			sourceTree = "<group>";
		};
		B659E57A1C58AB9D00817054 /* CateGory */ = {
			isa = PBXGroup;
			children = (
				B659E57E1C58AE6B00817054 /* UIColor+Util.h */,
				B659E57F1C58AE6B00817054 /* UIColor+Util.m */,
			);
			path = CateGory;
			sourceTree = "<group>";
		};
		B659E5811C58B4FA00817054 /* Image */ = {
			isa = PBXGroup;
			children = (
				B659E5841C58B71E00817054 /* gesturePswd1@2x.png */,
				B659E5821C58B4FA00817054 /* escrowAcct@2x.png */,
			);
			path = Image;
			sourceTree = "<group>";
		};
		B659E5861C58BFDF00817054 /* Search */ = {
			isa = PBXGroup;
			children = (
				B659E5871C58BFDF00817054 /* cell */,
				B659E58D1C58BFDF00817054 /* view */,
				B659E58B1C58BFDF00817054 /* SearchTBViewController.h */,
				B659E58C1C58BFDF00817054 /* SearchTBViewController.m */,
				B6F1AB001C96468B003E2E36 /* CycleViewController.h */,
				B6F1AB011C96468B003E2E36 /* CycleViewController.m */,
			);
			path = Search;
			sourceTree = "<group>";
		};
		B659E5871C58BFDF00817054 /* cell */ = {
			isa = PBXGroup;
			children = (
				B659E5881C58BFDF00817054 /* SearchCell.h */,
				B659E5891C58BFDF00817054 /* SearchCell.m */,
				B659E58A1C58BFDF00817054 /* SearchCell.xib */,
			);
			path = cell;
			sourceTree = "<group>";
		};
		B659E58D1C58BFDF00817054 /* view */ = {
			isa = PBXGroup;
			children = (
				B659E58E1C58BFDF00817054 /* SearchTableView.h */,
				B659E58F1C58BFDF00817054 /* SearchTableView.m */,
				B659E5941C58C6B900817054 /* SearchView.h */,
				B659E5951C58C6B900817054 /* SearchView.m */,
				B6F1AAFD1C96443D003E2E36 /* CycleView.h */,
				B6F1AAFE1C96443D003E2E36 /* CycleView.m */,
				B6B9B5481C9A580C008E163B /* MyPoint.h */,
				B6B9B5491C9A580C008E163B /* MyPoint.m */,
			);
			path = view;
			sourceTree = "<group>";
		};
		B689D5A91C51BCF7009FF6B5 = {
			isa = PBXGroup;
			children = (
				B689D5B41C51BCF7009FF6B5 /* SearchTableview */,
				B689D5CE1C51BCF7009FF6B5 /* SearchTableviewTests */,
				B689D5D91C51BCF7009FF6B5 /* SearchTableviewUITests */,
				B689D5B31C51BCF7009FF6B5 /* Products */,
				D720B4F529A5671EF7B22898 /* Pods */,
				279F106C89C448DA5125D8B2 /* Frameworks */,
			);
			sourceTree = "<group>";
		};
		B689D5B31C51BCF7009FF6B5 /* Products */ = {
			isa = PBXGroup;
			children = (
				B689D5B21C51BCF7009FF6B5 /* SearchTableview.app */,
				B689D5CB1C51BCF7009FF6B5 /* SearchTableviewTests.xctest */,
				B689D5D61C51BCF7009FF6B5 /* SearchTableviewUITests.xctest */,
			);
			name = Products;
			sourceTree = "<group>";
		};
		B689D5B41C51BCF7009FF6B5 /* SearchTableview */ = {
			isa = PBXGroup;
			children = (
				B659E5861C58BFDF00817054 /* Search */,
				B659E5811C58B4FA00817054 /* Image */,
				B659E57A1C58AB9D00817054 /* CateGory */,
				B62B3AB81C57051D00AE7E4D /* Main.storyboard */,
				B689D5B81C51BCF7009FF6B5 /* AppDelegate.h */,
				B689D5B91C51BCF7009FF6B5 /* AppDelegate.m */,
				B689D5C11C51BCF7009FF6B5 /* Assets.xcassets */,
				B689D5C31C51BCF7009FF6B5 /* LaunchScreen.storyboard */,
				B689D5C61C51BCF7009FF6B5 /* Info.plist */,
				B689D5B51C51BCF7009FF6B5 /* Supporting Files */,
			);
			path = SearchTableview;
			sourceTree = "<group>";
		};
		B689D5B51C51BCF7009FF6B5 /* Supporting Files */ = {
			isa = PBXGroup;
			children = (
				B689D5B61C51BCF7009FF6B5 /* main.m */,
			);
			name = "Supporting Files";
			sourceTree = "<group>";
		};
		B689D5CE1C51BCF7009FF6B5 /* SearchTableviewTests */ = {
			isa = PBXGroup;
			children = (
				B689D5CF1C51BCF7009FF6B5 /* SearchTableviewTests.m */,
				B689D5D11C51BCF7009FF6B5 /* Info.plist */,
			);
			path = SearchTableviewTests;
			sourceTree = "<group>";
		};
		B689D5D91C51BCF7009FF6B5 /* SearchTableviewUITests */ = {
			isa = PBXGroup;
			children = (
				B689D5DA1C51BCF7009FF6B5 /* SearchTableviewUITests.m */,
				B689D5DC1C51BCF7009FF6B5 /* Info.plist */,
			);
			path = SearchTableviewUITests;
			sourceTree = "<group>";
		};
		D720B4F529A5671EF7B22898 /* Pods */ = {
			isa = PBXGroup;
			children = (
				1F2D588BF87EE24FD8A94576 /* Pods.debug.xcconfig */,
				B4559FA7820A4AB98C930438 /* Pods.release.xcconfig */,
			);
			name = Pods;
			sourceTree = "<group>";
		};
/* End PBXGroup section */

/* Begin PBXNativeTarget section */
		B689D5B11C51BCF7009FF6B5 /* SearchTableview */ = {
			isa = PBXNativeTarget;
			buildConfigurationList = B689D5DF1C51BCF7009FF6B5 /* Build configuration list for PBXNativeTarget "SearchTableview" */;
			buildPhases = (
				DC21D547AE5360DB7ECF521F /* Check Pods Manifest.lock */,
				B689D5AE1C51BCF7009FF6B5 /* Sources */,
				B689D5AF1C51BCF7009FF6B5 /* Frameworks */,
				B689D5B01C51BCF7009FF6B5 /* Resources */,
				F45722053A7C81AEDF69F186 /* Embed Pods Frameworks */,
				23A8A228DD9EC485C78DB9CA /* Copy Pods Resources */,
			);
			buildRules = (
			);
			dependencies = (
			);
			name = SearchTableview;
			productName = SearchTableview;
			productReference = B689D5B21C51BCF7009FF6B5 /* SearchTableview.app */;
			productType = "com.apple.product-type.application";
		};
		B689D5CA1C51BCF7009FF6B5 /* SearchTableviewTests */ = {
			isa = PBXNativeTarget;
			buildConfigurationList = B689D5E21C51BCF7009FF6B5 /* Build configuration list for PBXNativeTarget "SearchTableviewTests" */;
			buildPhases = (
				B689D5C71C51BCF7009FF6B5 /* Sources */,
				B689D5C81C51BCF7009FF6B5 /* Frameworks */,
				B689D5C91C51BCF7009FF6B5 /* Resources */,
			);
			buildRules = (
			);
			dependencies = (
				B689D5CD1C51BCF7009FF6B5 /* PBXTargetDependency */,
			);
			name = SearchTableviewTests;
			productName = SearchTableviewTests;
			productReference = B689D5CB1C51BCF7009FF6B5 /* SearchTableviewTests.xctest */;
			productType = "com.apple.product-type.bundle.unit-test";
		};
		B689D5D51C51BCF7009FF6B5 /* SearchTableviewUITests */ = {
			isa = PBXNativeTarget;
			buildConfigurationList = B689D5E51C51BCF7009FF6B5 /* Build configuration list for PBXNativeTarget "SearchTableviewUITests" */;
			buildPhases = (
				B689D5D21C51BCF7009FF6B5 /* Sources */,
				B689D5D31C51BCF7009FF6B5 /* Frameworks */,
				B689D5D41C51BCF7009FF6B5 /* Resources */,
			);
			buildRules = (
			);
			dependencies = (
				B689D5D81C51BCF7009FF6B5 /* PBXTargetDependency */,
			);
			name = SearchTableviewUITests;
			productName = SearchTableviewUITests;
			productReference = B689D5D61C51BCF7009FF6B5 /* SearchTableviewUITests.xctest */;
			productType = "com.apple.product-type.bundle.ui-testing";
		};
/* End PBXNativeTarget section */

/* Begin PBXProject section */
		B689D5AA1C51BCF7009FF6B5 /* Project object */ = {
			isa = PBXProject;
			attributes = {
				LastUpgradeCheck = 0720;
				ORGANIZATIONNAME = liyang;
				TargetAttributes = {
					B689D5B11C51BCF7009FF6B5 = {
						CreatedOnToolsVersion = 7.2;
					};
					B689D5CA1C51BCF7009FF6B5 = {
						CreatedOnToolsVersion = 7.2;
						TestTargetID = B689D5B11C51BCF7009FF6B5;
					};
					B689D5D51C51BCF7009FF6B5 = {
						CreatedOnToolsVersion = 7.2;
						TestTargetID = B689D5B11C51BCF7009FF6B5;
					};
				};
			};
			buildConfigurationList = B689D5AD1C51BCF7009FF6B5 /* Build configuration list for PBXProject "SearchTableview" */;
			compatibilityVersion = "Xcode 3.2";
			developmentRegion = English;
			hasScannedForEncodings = 0;
			knownRegions = (
				en,
				Base,
			);
			mainGroup = B689D5A91C51BCF7009FF6B5;
			productRefGroup = B689D5B31C51BCF7009FF6B5 /* Products */;
			projectDirPath = "";
			projectRoot = "";
			targets = (
				B689D5B11C51BCF7009FF6B5 /* SearchTableview */,
				B689D5CA1C51BCF7009FF6B5 /* SearchTableviewTests */,
				B689D5D51C51BCF7009FF6B5 /* SearchTableviewUITests */,
			);
		};
/* End PBXProject section */

/* Begin PBXResourcesBuildPhase section */
		B689D5B01C51BCF7009FF6B5 /* Resources */ = {
			isa = PBXResourcesBuildPhase;
			buildActionMask = 2147483647;
			files = (
				B62B3AB91C57051D00AE7E4D /* Main.storyboard in Resources */,
				B659E5851C58B71E00817054 /* gesturePswd1@2x.png in Resources */,
				B689D5C51C51BCF7009FF6B5 /* LaunchScreen.storyboard in Resources */,
				B659E5911C58BFDF00817054 /* SearchCell.xib in Resources */,
				B689D5C21C51BCF7009FF6B5 /* Assets.xcassets in Resources */,
				B659E5831C58B4FA00817054 /* escrowAcct@2x.png in Resources */,
			);
			runOnlyForDeploymentPostprocessing = 0;
		};
		B689D5C91C51BCF7009FF6B5 /* Resources */ = {
			isa = PBXResourcesBuildPhase;
			buildActionMask = 2147483647;
			files = (
			);
			runOnlyForDeploymentPostprocessing = 0;
		};
		B689D5D41C51BCF7009FF6B5 /* Resources */ = {
			isa = PBXResourcesBuildPhase;
			buildActionMask = 2147483647;
			files = (
			);
			runOnlyForDeploymentPostprocessing = 0;
		};
/* End PBXResourcesBuildPhase section */

/* Begin PBXShellScriptBuildPhase section */
		23A8A228DD9EC485C78DB9CA /* Copy Pods Resources */ = {
			isa = PBXShellScriptBuildPhase;
			buildActionMask = 2147483647;
			files = (
			);
			inputPaths = (
			);
			name = "Copy Pods Resources";
			outputPaths = (
			);
			runOnlyForDeploymentPostprocessing = 0;
			shellPath = /bin/sh;
			shellScript = "\"${SRCROOT}/Pods/Target Support Files/Pods/Pods-resources.sh\"\n";
			showEnvVarsInLog = 0;
		};
		DC21D547AE5360DB7ECF521F /* Check Pods Manifest.lock */ = {
			isa = PBXShellScriptBuildPhase;
			buildActionMask = 2147483647;
			files = (
			);
			inputPaths = (
			);
			name = "Check Pods Manifest.lock";
			outputPaths = (
			);
			runOnlyForDeploymentPostprocessing = 0;
			shellPath = /bin/sh;
			shellScript = "diff \"${PODS_ROOT}/../Podfile.lock\" \"${PODS_ROOT}/Manifest.lock\" > /dev/null\nif [[ $? != 0 ]] ; then\n    cat << EOM\nerror: The sandbox is not in sync with the Podfile.lock. Run 'pod install' or update your CocoaPods installation.\nEOM\n    exit 1\nfi\n";
			showEnvVarsInLog = 0;
		};
		F45722053A7C81AEDF69F186 /* Embed Pods Frameworks */ = {
			isa = PBXShellScriptBuildPhase;
			buildActionMask = 2147483647;
			files = (
			);
			inputPaths = (
			);
			name = "Embed Pods Frameworks";
			outputPaths = (
			);
			runOnlyForDeploymentPostprocessing = 0;
			shellPath = /bin/sh;
			shellScript = "\"${SRCROOT}/Pods/Target Support Files/Pods/Pods-frameworks.sh\"\n";
			showEnvVarsInLog = 0;
		};
/* End PBXShellScriptBuildPhase section */

/* Begin PBXSourcesBuildPhase section */
		B689D5AE1C51BCF7009FF6B5 /* Sources */ = {
			isa = PBXSourcesBuildPhase;
			buildActionMask = 2147483647;
			files = (
				B689D5BA1C51BCF7009FF6B5 /* AppDelegate.m in Sources */,
				B6F1AAFF1C96443D003E2E36 /* CycleView.m in Sources */,
				B659E5901C58BFDF00817054 /* SearchCell.m in Sources */,
				B659E5921C58BFDF00817054 /* SearchTBViewController.m in Sources */,
				B659E5961C58C6B900817054 /* SearchView.m in Sources */,
				B6F1AB021C96468B003E2E36 /* CycleViewController.m in Sources */,
				B659E5801C58AE6B00817054 /* UIColor+Util.m in Sources */,
				B689D5B71C51BCF7009FF6B5 /* main.m in Sources */,
				B6B9B54A1C9A580C008E163B /* MyPoint.m in Sources */,
				B659E5931C58BFDF00817054 /* SearchTableView.m in Sources */,
			);
			runOnlyForDeploymentPostprocessing = 0;
		};
		B689D5C71C51BCF7009FF6B5 /* Sources */ = {
			isa = PBXSourcesBuildPhase;
			buildActionMask = 2147483647;
			files = (
				B689D5D01C51BCF7009FF6B5 /* SearchTableviewTests.m in Sources */,
			);
			runOnlyForDeploymentPostprocessing = 0;
		};
		B689D5D21C51BCF7009FF6B5 /* Sources */ = {
			isa = PBXSourcesBuildPhase;
			buildActionMask = 2147483647;
			files = (
				B689D5DB1C51BCF7009FF6B5 /* SearchTableviewUITests.m in Sources */,
			);
			runOnlyForDeploymentPostprocessing = 0;
		};
/* End PBXSourcesBuildPhase section */

/* Begin PBXTargetDependency section */
		B689D5CD1C51BCF7009FF6B5 /* PBXTargetDependency */ = {
			isa = PBXTargetDependency;
			target = B689D5B11C51BCF7009FF6B5 /* SearchTableview */;
			targetProxy = B689D5CC1C51BCF7009FF6B5 /* PBXContainerItemProxy */;
		};
		B689D5D81C51BCF7009FF6B5 /* PBXTargetDependency */ = {
			isa = PBXTargetDependency;
			target = B689D5B11C51BCF7009FF6B5 /* SearchTableview */;
			targetProxy = B689D5D71C51BCF7009FF6B5 /* PBXContainerItemProxy */;
		};
/* End PBXTargetDependency section */

/* Begin PBXVariantGroup section */
		B689D5C31C51BCF7009FF6B5 /* LaunchScreen.storyboard */ = {
			isa = PBXVariantGroup;
			children = (
				B689D5C41C51BCF7009FF6B5 /* Base */,
			);
			name = LaunchScreen.storyboard;
			sourceTree = "<group>";
		};
/* End PBXVariantGroup section */

/* Begin XCBuildConfiguration section */
		B689D5DD1C51BCF7009FF6B5 /* Debug */ = {
			isa = XCBuildConfiguration;
			buildSettings = {
				ALWAYS_SEARCH_USER_PATHS = NO;
				CLANG_CXX_LANGUAGE_STANDARD = "gnu++0x";
				CLANG_CXX_LIBRARY = "libc++";
				CLANG_ENABLE_MODULES = YES;
				CLANG_ENABLE_OBJC_ARC = YES;
				CLANG_WARN_BOOL_CONVERSION = YES;
				CLANG_WARN_CONSTANT_CONVERSION = YES;
				CLANG_WARN_DIRECT_OBJC_ISA_USAGE = YES_ERROR;
				CLANG_WARN_EMPTY_BODY = YES;
				CLANG_WARN_ENUM_CONVERSION = YES;
				CLANG_WARN_INT_CONVERSION = YES;
				CLANG_WARN_OBJC_ROOT_CLASS = YES_ERROR;
				CLANG_WARN_UNREACHABLE_CODE = YES;
				CLANG_WARN__DUPLICATE_METHOD_MATCH = YES;
				"CODE_SIGN_IDENTITY[sdk=iphoneos*]" = "iPhone Developer";
				COPY_PHASE_STRIP = NO;
				DEBUG_INFORMATION_FORMAT = dwarf;
				ENABLE_STRICT_OBJC_MSGSEND = YES;
				ENABLE_TESTABILITY = YES;
				GCC_C_LANGUAGE_STANDARD = gnu99;
				GCC_DYNAMIC_NO_PIC = NO;
				GCC_NO_COMMON_BLOCKS = YES;
				GCC_OPTIMIZATION_LEVEL = 0;
				GCC_PREPROCESSOR_DEFINITIONS = (
					"DEBUG=1",
					"$(inherited)",
				);
				GCC_WARN_64_TO_32_BIT_CONVERSION = YES;
				GCC_WARN_ABOUT_RETURN_TYPE = YES_ERROR;
				GCC_WARN_UNDECLARED_SELECTOR = YES;
				GCC_WARN_UNINITIALIZED_AUTOS = YES_AGGRESSIVE;
				GCC_WARN_UNUSED_FUNCTION = YES;
				GCC_WARN_UNUSED_VARIABLE = YES;
				IPHONEOS_DEPLOYMENT_TARGET = 9.2;
				MTL_ENABLE_DEBUG_INFO = YES;
				ONLY_ACTIVE_ARCH = YES;
				SDKROOT = iphoneos;
			};
			name = Debug;
		};
		B689D5DE1C51BCF7009FF6B5 /* Release */ = {
			isa = XCBuildConfiguration;
			buildSettings = {
				ALWAYS_SEARCH_USER_PATHS = NO;
				CLANG_CXX_LANGUAGE_STANDARD = "gnu++0x";
				CLANG_CXX_LIBRARY = "libc++";
				CLANG_ENABLE_MODULES = YES;
				CLANG_ENABLE_OBJC_ARC = YES;
				CLANG_WARN_BOOL_CONVERSION = YES;
				CLANG_WARN_CONSTANT_CONVERSION = YES;
				CLANG_WARN_DIRECT_OBJC_ISA_USAGE = YES_ERROR;
				CLANG_WARN_EMPTY_BODY = YES;
				CLANG_WARN_ENUM_CONVERSION = YES;
				CLANG_WARN_INT_CONVERSION = YES;
				CLANG_WARN_OBJC_ROOT_CLASS = YES_ERROR;
				CLANG_WARN_UNREACHABLE_CODE = YES;
				CLANG_WARN__DUPLICATE_METHOD_MATCH = YES;
				"CODE_SIGN_IDENTITY[sdk=iphoneos*]" = "iPhone Developer";
				COPY_PHASE_STRIP = NO;
				DEBUG_INFORMATION_FORMAT = "dwarf-with-dsym";
				ENABLE_NS_ASSERTIONS = NO;
				ENABLE_STRICT_OBJC_MSGSEND = YES;
				GCC_C_LANGUAGE_STANDARD = gnu99;
				GCC_NO_COMMON_BLOCKS = YES;
				GCC_WARN_64_TO_32_BIT_CONVERSION = YES;
				GCC_WARN_ABOUT_RETURN_TYPE = YES_ERROR;
				GCC_WARN_UNDECLARED_SELECTOR = YES;
				GCC_WARN_UNINITIALIZED_AUTOS = YES_AGGRESSIVE;
				GCC_WARN_UNUSED_FUNCTION = YES;
				GCC_WARN_UNUSED_VARIABLE = YES;
				IPHONEOS_DEPLOYMENT_TARGET = 9.2;
				MTL_ENABLE_DEBUG_INFO = NO;
				SDKROOT = iphoneos;
				VALIDATE_PRODUCT = YES;
			};
			name = Release;
		};
		B689D5E01C51BCF7009FF6B5 /* Debug */ = {
			isa = XCBuildConfiguration;
			baseConfigurationReference = 1F2D588BF87EE24FD8A94576 /* Pods.debug.xcconfig */;
			buildSettings = {
				ASSETCATALOG_COMPILER_APPICON_NAME = AppIcon;
				INFOPLIST_FILE = SearchTableview/Info.plist;
				LD_RUNPATH_SEARCH_PATHS = "$(inherited) @executable_path/Frameworks";
				PRODUCT_BUNDLE_IDENTIFIER = com.hello.SearchTableview;
				PRODUCT_NAME = "$(TARGET_NAME)";
			};
			name = Debug;
		};
		B689D5E11C51BCF7009FF6B5 /* Release */ = {
			isa = XCBuildConfiguration;
			baseConfigurationReference = B4559FA7820A4AB98C930438 /* Pods.release.xcconfig */;
			buildSettings = {
				ASSETCATALOG_COMPILER_APPICON_NAME = AppIcon;
				INFOPLIST_FILE = SearchTableview/Info.plist;
				LD_RUNPATH_SEARCH_PATHS = "$(inherited) @executable_path/Frameworks";
				PRODUCT_BUNDLE_IDENTIFIER = com.hello.SearchTableview;
				PRODUCT_NAME = "$(TARGET_NAME)";
			};
			name = Release;
		};
		B689D5E31C51BCF7009FF6B5 /* Debug */ = {
			isa = XCBuildConfiguration;
			buildSettings = {
				BUNDLE_LOADER = "$(TEST_HOST)";
				INFOPLIST_FILE = SearchTableviewTests/Info.plist;
				LD_RUNPATH_SEARCH_PATHS = "$(inherited) @executable_path/Frameworks @loader_path/Frameworks";
				PRODUCT_BUNDLE_IDENTIFIER = com.hello.SearchTableviewTests;
				PRODUCT_NAME = "$(TARGET_NAME)";
				TEST_HOST = "$(BUILT_PRODUCTS_DIR)/SearchTableview.app/SearchTableview";
			};
			name = Debug;
		};
		B689D5E41C51BCF7009FF6B5 /* Release */ = {
			isa = XCBuildConfiguration;
			buildSettings = {
				BUNDLE_LOADER = "$(TEST_HOST)";
				INFOPLIST_FILE = SearchTableviewTests/Info.plist;
				LD_RUNPATH_SEARCH_PATHS = "$(inherited) @executable_path/Frameworks @loader_path/Frameworks";
				PRODUCT_BUNDLE_IDENTIFIER = com.hello.SearchTableviewTests;
				PRODUCT_NAME = "$(TARGET_NAME)";
				TEST_HOST = "$(BUILT_PRODUCTS_DIR)/SearchTableview.app/SearchTableview";
			};
			name = Release;
		};
		B689D5E61C51BCF7009FF6B5 /* Debug */ = {
			isa = XCBuildConfiguration;
			buildSettings = {
				INFOPLIST_FILE = SearchTableviewUITests/Info.plist;
				LD_RUNPATH_SEARCH_PATHS = "$(inherited) @executable_path/Frameworks @loader_path/Frameworks";
				PRODUCT_BUNDLE_IDENTIFIER = com.hello.SearchTableviewUITests;
				PRODUCT_NAME = "$(TARGET_NAME)";
				TEST_TARGET_NAME = SearchTableview;
				USES_XCTRUNNER = YES;
			};
			name = Debug;
		};
		B689D5E71C51BCF7009FF6B5 /* Release */ = {
			isa = XCBuildConfiguration;
			buildSettings = {
				INFOPLIST_FILE = SearchTableviewUITests/Info.plist;
				LD_RUNPATH_SEARCH_PATHS = "$(inherited) @executable_path/Frameworks @loader_path/Frameworks";
				PRODUCT_BUNDLE_IDENTIFIER = com.hello.SearchTableviewUITests;
				PRODUCT_NAME = "$(TARGET_NAME)";
				TEST_TARGET_NAME = SearchTableview;
				USES_XCTRUNNER = YES;
			};
			name = Release;
		};
/* End XCBuildConfiguration section */

/* Begin XCConfigurationList section */
		B689D5AD1C51BCF7009FF6B5 /* Build configuration list for PBXProject "SearchTableview" */ = {
			isa = XCConfigurationList;
			buildConfigurations = (
				B689D5DD1C51BCF7009FF6B5 /* Debug */,
				B689D5DE1C51BCF7009FF6B5 /* Release */,
			);
			defaultConfigurationIsVisible = 0;
			defaultConfigurationName = Release;
		};
		B689D5DF1C51BCF7009FF6B5 /* Build configuration list for PBXNativeTarget "SearchTableview" */ = {
			isa = XCConfigurationList;
			buildConfigurations = (
				B689D5E01C51BCF7009FF6B5 /* Debug */,
				B689D5E11C51BCF7009FF6B5 /* Release */,
			);
			defaultConfigurationIsVisible = 0;
			defaultConfigurationName = Release;
		};
		B689D5E21C51BCF7009FF6B5 /* Build configuration list for PBXNativeTarget "SearchTableviewTests" */ = {
			isa = XCConfigurationList;
			buildConfigurations = (
				B689D5E31C51BCF7009FF6B5 /* Debug */,
				B689D5E41C51BCF7009FF6B5 /* Release */,
			);
			defaultConfigurationIsVisible = 0;
			defaultConfigurationName = Release;
		};
		B689D5E51C51BCF7009FF6B5 /* Build configuration list for PBXNativeTarget "SearchTableviewUITests" */ = {
			isa = XCConfigurationList;
			buildConfigurations = (
				B689D5E61C51BCF7009FF6B5 /* Debug */,
				B689D5E71C51BCF7009FF6B5 /* Release */,
			);
			defaultConfigurationIsVisible = 0;
			defaultConfigurationName = Release;
		};
/* End XCConfigurationList section */
	};
	rootObject = B689D5AA1C51BCF7009FF6B5 /* Project object */;
}
